
Microsoft Visual Studio Solution File, Format Version 12.00
# Visual Studio Version 17
VisualStudioVersion = 17.0.31903.59
MinimumVisualStudioVersion = 10.0.40219.1
Project("{FAE04EC0-301F-11D3-BF4B-00C04F79EFBC}") = "ASP_Project", "ASP_Project.csproj", "{897CA32F-9B43-4A68-9901-33F31529089B}"
EndProject
Global
	GlobalSection(SolutionConfigurationPlatforms) = preSolution
		Debug|Any CPU = Debug|Any CPU
		Release|Any CPU = Release|Any CPU
	EndGlobalSection
	GlobalSection(ProjectConfigurationPlatforms) = postSolution
		{897CA32F-9B43-4A68-9901-33F31529089B}.Debug|Any CPU.ActiveCfg = Debug|Any CPU
		{897CA32F-9B43-4A68-9901-33F31529089B}.Debug|Any CPU.Build.0 = Debug|Any CPU
		{897CA32F-9B43-4A68-9901-33F31529089B}.Release|Any CPU.ActiveCfg = Release|Any CPU
		{897CA32F-9B43-4A68-9901-33F31529089B}.Release|Any CPU.Build.0 = Release|Any CPU
	EndGlobalSection
	GlobalSection(SolutionProperties) = preSolution
		HideSolutionNode = FALSE
	EndGlobalSection
	GlobalSection(ExtensibilityGlobals) = postSolution
		SolutionGuid = {B2A8C1A8-7F6A-4C5E-8CD2-966DB282C15F}
	EndGlobalSection
EndGlobal
